// !$*UTF8*$!
{
	archiveVersion = 1;
	classes = {
	};
	objectVersion = 46;
	objects = {

/* Begin PBXBuildFile section */
		03F2A5821F6960DF00CA7E63 /* AppDelegate.swift in Sources */ = {isa = PBXBuildFile; fileRef = 03F2A5811F6960DF00CA7E63 /* AppDelegate.swift */; };
		03F2A5841F6960DF00CA7E63 /* ViewController.swift in Sources */ = {isa = PBXBuildFile; fileRef = 03F2A5831F6960DF00CA7E63 /* ViewController.swift */; };
		03F2A5871F6960DF00CA7E63 /* Main.storyboard in Resources */ = {isa = PBXBuildFile; fileRef = 03F2A5851F6960DF00CA7E63 /* Main.storyboard */; };
		03F2A5891F6960DF00CA7E63 /* Assets.xcassets in Resources */ = {isa = PBXBuildFile; fileRef = 03F2A5881F6960DF00CA7E63 /* Assets.xcassets */; };
		03F2A58C1F6960DF00CA7E63 /* LaunchScreen.storyboard in Resources */ = {isa = PBXBuildFile; fileRef = 03F2A58A1F6960DF00CA7E63 /* LaunchScreen.storyboard */; };
		03F2A5941F696E4D00CA7E63 /* LFLog.swift in Sources */ = {isa = PBXBuildFile; fileRef = 03F2A5931F696E4D00CA7E63 /* LFLog.swift */; };
/* End PBXBuildFile section */

/* Begin PBXFileReference section */
		03F2A57E1F6960DF00CA7E63 /* LFStudy-swift.app */ = {isa = PBXFileReference; explicitFileType = wrapper.application; includeInIndex = 0; path = "LFStudy-swift.app"; sourceTree = BUILT_PRODUCTS_DIR; };
		03F2A5811F6960DF00CA7E63 /* AppDelegate.swift */ = {isa = PBXFileReference; lastKnownFileType = sourcecode.swift; path = AppDelegate.swift; sourceTree = "<group>"; };
		03F2A5831F6960DF00CA7E63 /* ViewController.swift */ = {isa = PBXFileReference; lastKnownFileType = sourcecode.swift; path = ViewController.swift; sourceTree = "<group>"; };
		03F2A5861F6960DF00CA7E63 /* Base */ = {isa = PBXFileReference; lastKnownFileType = file.storyboard; name = Base; path = Base.lproj/Main.storyboard; sourceTree = "<group>"; };
		03F2A5881F6960DF00CA7E63 /* Assets.xcassets */ = {isa = PBXFileReference; lastKnownFileType = folder.assetcatalog; path = Assets.xcassets; sourceTree = "<group>"; };
		03F2A58B1F6960DF00CA7E63 /* Base */ = {isa = PBXFileReference; lastKnownFileType = file.storyboard; name = Base; path = Base.lproj/LaunchScreen.storyboard; sourceTree = "<group>"; };
		03F2A58D1F6960DF00CA7E63 /* Info.plist */ = {isa = PBXFileReference; lastKnownFileType = text.plist.xml; path = Info.plist; sourceTree = "<group>"; };
		03F2A5931F696E4D00CA7E63 /* LFLog.swift */ = {isa = PBXFileReference; fileEncoding = 4; lastKnownFileType = sourcecode.swift; path = LFLog.swift; sourceTree = "<group>"; };
/* End PBXFileReference section */

/* Begin PBXFrameworksBuildPhase section */
		03F2A57B1F6960DF00CA7E63 /* Frameworks */ = {
			isa = PBXFrameworksBuildPhase;
			buildActionMask = 2147483647;
			files = (
			);
			runOnlyForDeploymentPostprocessing = 0;
		};
/* End PBXFrameworksBuildPhase section */

/* Begin PBXGroup section */
		03F2A5751F6960DF00CA7E63 = {
			isa = PBXGroup;
			children = (
				03F2A5801F6960DF00CA7E63 /* LFStudy-swift */,
				03F2A57F1F6960DF00CA7E63 /* Products */,
			);
			sourceTree = "<group>";
		};
		03F2A57F1F6960DF00CA7E63 /* Products */ = {
			isa = PBXGroup;
			children = (
				03F2A57E1F6960DF00CA7E63 /* LFStudy-swift.app */,
			);
			name = Products;
			sourceTree = "<group>";
		};
		03F2A5801F6960DF00CA7E63 /* LFStudy-swift */ = {
			isa = PBXGroup;
			children = (
				03F2A5811F6960DF00CA7E63 /* AppDelegate.swift */,
				03F2A5831F6960DF00CA7E63 /* ViewController.swift */,
				03F2A5851F6960DF00CA7E63 /* Main.storyboard */,
				03F2A5881F6960DF00CA7E63 /* Assets.xcassets */,
				03F2A58A1F6960DF00CA7E63 /* LaunchScreen.storyboard */,
				03F2A58D1F6960DF00CA7E63 /* Info.plist */,
				03F2A5931F696E4D00CA7E63 /* LFLog.swift */,
			);
			path = "LFStudy-swift";
			sourceTree = "<group>";
		};
/* End PBXGroup section */

/* Begin PBXNativeTarget section */
		03F2A57D1F6960DF00CA7E63 /* LFStudy-swift */ = {
			isa = PBXNativeTarget;
			buildConfigurationList = 03F2A5901F6960DF00CA7E63 /* Build configuration list for PBXNativeTarget "LFStudy-swift" */;
			buildPhases = (
				03F2A57A1F6960DF00CA7E63 /* Sources */,
				03F2A57B1F6960DF00CA7E63 /* Frameworks */,
				03F2A57C1F6960DF00CA7E63 /* Resources */,
			);
			buildRules = (
			);
			dependencies = (
			);
			name = "LFStudy-swift";
			productName = "LFStudy-swift";
			productReference = 03F2A57E1F6960DF00CA7E63 /* LFStudy-swift.app */;
			productType = "com.apple.product-type.application";
		};
/* End PBXNativeTarget section */

/* Begin PBXProject section */
		03F2A5761F6960DF00CA7E63 /* Project object */ = {
			isa = PBXProject;
			attributes = {
				LastSwiftUpdateCheck = 0830;
				LastUpgradeCheck = 0830;
				ORGANIZATIONNAME = liufeng;
				TargetAttributes = {
					03F2A57D1F6960DF00CA7E63 = {
						CreatedOnToolsVersion = 8.3.3;
						DevelopmentTeam = QDT8L8LPPU;
						ProvisioningStyle = Automatic;
					};
				};
			};
			buildConfigurationList = 03F2A5791F6960DF00CA7E63 /* Build configuration list for PBXProject "LFStudy-swift" */;
			compatibilityVersion = "Xcode 3.2";
			developmentRegion = English;
			hasScannedForEncodings = 0;
			knownRegions = (
				en,
				Base,
			);
			mainGroup = 03F2A5751F6960DF00CA7E63;
			productRefGroup = 03F2A57F1F6960DF00CA7E63 /* Products */;
			projectDirPath = "";
			projectRoot = "";
			targets = (
				03F2A57D1F6960DF00CA7E63 /* LFStudy-swift */,
			);
		};
/* End PBXProject section */

/* Begin PBXResourcesBuildPhase section */
		03F2A57C1F6960DF00CA7E63 /* Resources */ = {
			isa = PBXResourcesBuildPhase;
			buildActionMask = 2147483647;
			files = (
				03F2A58C1F6960DF00CA7E63 /* LaunchScreen.storyboard in Resources */,
				03F2A5891F6960DF00CA7E63 /* Assets.xcassets in Resources */,
				03F2A5871F6960DF00CA7E63 /* Main.storyboard in Resources */,
			);
			runOnlyForDeploymentPostprocessing = 0;
		};
/* End PBXResourcesBuildPhase section */

/* Begin PBXSourcesBuildPhase section */
		03F2A57A1F6960DF00CA7E63 /* Sources */ = {
			isa = PBXSourcesBuildPhase;
			buildActionMask = 2147483647;
			files = (
				03F2A5941F696E4D00CA7E63 /* LFLog.swift in Sources */,
				03F2A5841F6960DF00CA7E63 /* ViewController.swift in Sources */,
				03F2A5821F6960DF00CA7E63 /* AppDelegate.swift in Sources */,
			);
			runOnlyForDeploymentPostprocessing = 0;
		};
/* End PBXSourcesBuildPhase section */

/* Begin PBXVariantGroup section */
		03F2A5851F6960DF00CA7E63 /* Main.storyboard */ = {
			isa = PBXVariantGroup;
			children = (
				03F2A5861F6960DF00CA7E63 /* Base */,
			);
			name = Main.storyboard;
			sourceTree = "<group>";
		};
		03F2A58A1F6960DF00CA7E63 /* LaunchScreen.storyboard */ = {
			isa = PBXVariantGroup;
			children = (
				03F2A58B1F6960DF00CA7E63 /* Base */,
			);
			name = LaunchScreen.storyboard;
			sourceTree = "<group>";
		};
/* End PBXVariantGroup section */

/* Begin XCBuildConfiguration section */
		03F2A58E1F6960DF00CA7E63 /* Debug */ = {
			isa = XCBuildConfiguration;
			buildSettings = {
				ALWAYS_SEARCH_USER_PATHS = NO;
				CLANG_ANALYZER_NONNULL = YES;
				CLANG_ANALYZER_NUMBER_OBJECT_CONVERSION = YES_AGGRESSIVE;
				CLANG_CXX_LANGUAGE_STANDARD = "gnu++0x";
				CLANG_CXX_LIBRARY = "libc++";
				CLANG_ENABLE_MODULES = YES;
				CLANG_ENABLE_OBJC_ARC = YES;
				CLANG_WARN_BOOL_CONVERSION = YES;
				CLANG_WARN_CONSTANT_CONVERSION = YES;
				CLANG_WARN_DIRECT_OBJC_ISA_USAGE = YES_ERROR;
				CLANG_WARN_DOCUMENTATION_COMMENTS = YES;
				CLANG_WARN_EMPTY_BODY = YES;
				CLANG_WARN_ENUM_CONVERSION = YES;
				CLANG_WARN_INFINITE_RECURSION = YES;
				CLANG_WARN_INT_CONVERSION = YES;
				CLANG_WARN_OBJC_ROOT_CLASS = YES_ERROR;
				CLANG_WARN_SUSPICIOUS_MOVE = YES;
				CLANG_WARN_UNREACHABLE_CODE = YES;
				CLANG_WARN__DUPLICATE_METHOD_MATCH = YES;
				"CODE_SIGN_IDENTITY[sdk=iphoneos*]" = "iPhone Developer";
				COPY_PHASE_STRIP = NO;
				DEBUG_INFORMATION_FORMAT = dwarf;
				ENABLE_STRICT_OBJC_MSGSEND = YES;
				ENABLE_TESTABILITY = YES;
				GCC_C_LANGUAGE_STANDARD = gnu99;
				GCC_DYNAMIC_NO_PIC = NO;
				GCC_NO_COMMON_BLOCKS = YES;
				GCC_OPTIMIZATION_LEVEL = 0;
				GCC_PREPROCESSOR_DEFINITIONS = (
					"DEBUG=1",
					"$(inherited)",
				);
				GCC_WARN_64_TO_32_BIT_CONVERSION = YES;
				GCC_WARN_ABOUT_RETURN_TYPE = YES_ERROR;
				GCC_WARN_UNDECLARED_SELECTOR = YES;
				GCC_WARN_UNINITIALIZED_AUTOS = YES_AGGRESSIVE;
				GCC_WARN_UNUSED_FUNCTION = YES;
				GCC_WARN_UNUSED_VARIABLE = YES;
				IPHONEOS_DEPLOYMENT_TARGET = 10.3;
				MTL_ENABLE_DEBUG_INFO = YES;
				ONLY_ACTIVE_ARCH = YES;
				SDKROOT = iphoneos;
				SWIFT_ACTIVE_COMPILATION_CONDITIONS = DEBUG;
				SWIFT_OPTIMIZATION_LEVEL = "-Onone";
			};
			name = Debug;
		};
		03F2A58F1F6960DF00CA7E63 /* Release */ = {
			isa = XCBuildConfiguration;
			buildSettings = {
				ALWAYS_SEARCH_USER_PATHS = NO;
				CLANG_ANALYZER_NONNULL = YES;
				CLANG_ANALYZER_NUMBER_OBJECT_CONVERSION = YES_AGGRESSIVE;
				CLANG_CXX_LANGUAGE_STANDARD = "gnu++0x";
				CLANG_CXX_LIBRARY = "libc++";
				CLANG_ENABLE_MODULES = YES;
				CLANG_ENABLE_OBJC_ARC = YES;
				CLANG_WARN_BOOL_CONVERSION = YES;
				CLANG_WARN_CONSTANT_CONVERSION = YES;
				CLANG_WARN_DIRECT_OBJC_ISA_USAGE = YES_ERROR;
				CLANG_WARN_DOCUMENTATION_COMMENTS = YES;
				CLANG_WARN_EMPTY_BODY = YES;
				CLANG_WARN_ENUM_CONVERSION = YES;
				CLANG_WARN_INFINITE_RECURSION = YES;
				CLANG_WARN_INT_CONVERSION = YES;
				CLANG_WARN_OBJC_ROOT_CLASS = YES_ERROR;
				CLANG_WARN_SUSPICIOUS_MOVE = YES;
				CLANG_WARN_UNREACHABLE_CODE = YES;
				CLANG_WARN__DUPLICATE_METHOD_MATCH = YES;
				"CODE_SIGN_IDENTITY[sdk=iphoneos*]" = "iPhone Developer";
				COPY_PHASE_STRIP = NO;
				DEBUG_INFORMATION_FORMAT = "dwarf-with-dsym";
				ENABLE_NS_ASSERTIONS = NO;
				ENABLE_STRICT_OBJC_MSGSEND = YES;
				GCC_C_LANGUAGE_STANDARD = gnu99;
				GCC_NO_COMMON_BLOCKS = YES;
				GCC_WARN_64_TO_32_BIT_CONVERSION = YES;
				GCC_WARN_ABOUT_RETURN_TYPE = YES_ERROR;
				GCC_WARN_UNDECLARED_SELECTOR = YES;
				GCC_WARN_UNINITIALIZED_AUTOS = YES_AGGRESSIVE;
				GCC_WARN_UNUSED_FUNCTION = YES;
				GCC_WARN_UNUSED_VARIABLE = YES;
				IPHONEOS_DEPLOYMENT_TARGET = 10.3;
				MTL_ENABLE_DEBUG_INFO = NO;
				SDKROOT = iphoneos;
				SWIFT_OPTIMIZATION_LEVEL = "-Owholemodule";
				VALIDATE_PRODUCT = YES;
			};
			name = Release;
		};
		03F2A5911F6960DF00CA7E63 /* Debug */ = {
			isa = XCBuildConfiguration;
			buildSettings = {
				ASSETCATALOG_COMPILER_APPICON_NAME = AppIcon;
				DEVELOPMENT_TEAM = QDT8L8LPPU;
				INFOPLIST_FILE = "LFStudy-swift/Info.plist";
				LD_RUNPATH_SEARCH_PATHS = "$(inherited) @executable_path/Frameworks";
				"OTHER_SWIFT_FLAGS[arch=*]" = "-D DEBUG";
				PRODUCT_BUNDLE_IDENTIFIER = "com.kaituo.LFStudy-swift";
				PRODUCT_NAME = "$(TARGET_NAME)";
				SWIFT_VERSION = 3.0;
			};
			name = Debug;
		};
		03F2A5921F6960DF00CA7E63 /* Release */ = {
			isa = XCBuildConfiguration;
			buildSettings = {
				ASSETCATALOG_COMPILER_APPICON_NAME = AppIcon;
				DEVELOPMENT_TEAM = QDT8L8LPPU;
				INFOPLIST_FILE = "LFStudy-swift/Info.plist";
				LD_RUNPATH_SEARCH_PATHS = "$(inherited) @executable_path/Frameworks";
				PRODUCT_BUNDLE_IDENTIFIER = "com.kaituo.LFStudy-swift";
				PRODUCT_NAME = "$(TARGET_NAME)";
				SWIFT_VERSION = 3.0;
			};
			name = Release;
		};
/* End XCBuildConfiguration section */

/* Begin XCConfigurationList section */
		03F2A5791F6960DF00CA7E63 /* Build configuration list for PBXProject "LFStudy-swift" */ = {
			isa = XCConfigurationList;
			buildConfigurations = (
				03F2A58E1F6960DF00CA7E63 /* Debug */,
				03F2A58F1F6960DF00CA7E63 /* Release */,
			);
			defaultConfigurationIsVisible = 0;
			defaultConfigurationName = Release;
		};
		03F2A5901F6960DF00CA7E63 /* Build configuration list for PBXNativeTarget "LFStudy-swift" */ = {
			isa = XCConfigurationList;
			buildConfigurations = (
				03F2A5911F6960DF00CA7E63 /* Debug */,
				03F2A5921F6960DF00CA7E63 /* Release */,
			);
			defaultConfigurationIsVisible = 0;
		};
/* End XCConfigurationList section */
	};
	rootObject = 03F2A5761F6960DF00CA7E63 /* Project object */;
}
